
Microsoft Visual Studio Solution File, Format Version 12.00
# Visual Studio Version 16
VisualStudioVersion = 16.0.30413.136
MinimumVisualStudioVersion = 10.0.40219.1
Project("{8BC9CEB8-8B4A-11D0-8D11-00A0C91BC942}") = "Unique_Paths_II", "Unique_Paths_II\Unique_Paths_II.vcxproj", "{81722540-0808-4978-BCD0-E683BAA77862}"
EndProject
Project("{8BC9CEB8-8B4A-11D0-8D11-00A0C91BC942}") = "Coin_Change", "Coin_Change\Coin_Change.vcxproj", "{278897ED-E33C-4031-8117-9AFFC3FAC8BC}"
EndProject
Project("{8BC9CEB8-8B4A-11D0-8D11-00A0C91BC942}") = "House_Robber", "House_Robber\House_Robber.vcxproj", "{BFE2B7B4-477B-495F-95A8-BFCA5A1489E0}"
EndProject
Project("{8BC9CEB8-8B4A-11D0-8D11-00A0C91BC942}") = "Longest_Common_Subsequence", "Longest_Common_Subsequence\Longest_Common_Subsequence.vcxproj", "{7A00B9F6-C78D-4E75-9DBA-A0AE85B6A690}"
EndProject
Project("{8BC9CEB8-8B4A-11D0-8D11-00A0C91BC942}") = "Best_Time_to_Buy_and_Sell_Stock", "Best_Time_to_Buy_and_Sell_Stock\Best_Time_to_Buy_and_Sell_Stock.vcxproj", "{CD8D28A4-836C-42D9-B17F-3FB6EAFD831E}"
EndProject
Project("{8BC9CEB8-8B4A-11D0-8D11-00A0C91BC942}") = "Triangle", "Triangle\Triangle.vcxproj", "{36A4E3EC-EEC2-409A-B36D-DE7C68B18595}"
EndProject
Project("{8BC9CEB8-8B4A-11D0-8D11-00A0C91BC942}") = "Partition_Equal_Subset_Sum", "Partition_Equal_Subset_Sum\Partition_Equal_Subset_Sum.vcxproj", "{728E974B-71E4-4059-B4E2-FF375BDE46B2}"
EndProject
Global
	GlobalSection(SolutionConfigurationPlatforms) = preSolution
		Debug|x64 = Debug|x64
		Debug|x86 = Debug|x86
		Release|x64 = Release|x64
		Release|x86 = Release|x86
	EndGlobalSection
	GlobalSection(ProjectConfigurationPlatforms) = postSolution
		{81722540-0808-4978-BCD0-E683BAA77862}.Debug|x64.ActiveCfg = Debug|x64
		{81722540-0808-4978-BCD0-E683BAA77862}.Debug|x64.Build.0 = Debug|x64
		{81722540-0808-4978-BCD0-E683BAA77862}.Debug|x86.ActiveCfg = Debug|Win32
		{81722540-0808-4978-BCD0-E683BAA77862}.Debug|x86.Build.0 = Debug|Win32
		{81722540-0808-4978-BCD0-E683BAA77862}.Release|x64.ActiveCfg = Release|x64
		{81722540-0808-4978-BCD0-E683BAA77862}.Release|x64.Build.0 = Release|x64
		{81722540-0808-4978-BCD0-E683BAA77862}.Release|x86.ActiveCfg = Release|Win32
		{81722540-0808-4978-BCD0-E683BAA77862}.Release|x86.Build.0 = Release|Win32
		{278897ED-E33C-4031-8117-9AFFC3FAC8BC}.Debug|x64.ActiveCfg = Debug|x64
		{278897ED-E33C-4031-8117-9AFFC3FAC8BC}.Debug|x64.Build.0 = Debug|x64
		{278897ED-E33C-4031-8117-9AFFC3FAC8BC}.Debug|x86.ActiveCfg = Debug|Win32
		{278897ED-E33C-4031-8117-9AFFC3FAC8BC}.Debug|x86.Build.0 = Debug|Win32
		{278897ED-E33C-4031-8117-9AFFC3FAC8BC}.Release|x64.ActiveCfg = Release|x64
		{278897ED-E33C-4031-8117-9AFFC3FAC8BC}.Release|x64.Build.0 = Release|x64
		{278897ED-E33C-4031-8117-9AFFC3FAC8BC}.Release|x86.ActiveCfg = Release|Win32
		{278897ED-E33C-4031-8117-9AFFC3FAC8BC}.Release|x86.Build.0 = Release|Win32
		{BFE2B7B4-477B-495F-95A8-BFCA5A1489E0}.Debug|x64.ActiveCfg = Debug|x64
		{BFE2B7B4-477B-495F-95A8-BFCA5A1489E0}.Debug|x64.Build.0 = Debug|x64
		{BFE2B7B4-477B-495F-95A8-BFCA5A1489E0}.Debug|x86.ActiveCfg = Debug|Win32
		{BFE2B7B4-477B-495F-95A8-BFCA5A1489E0}.Debug|x86.Build.0 = Debug|Win32
		{BFE2B7B4-477B-495F-95A8-BFCA5A1489E0}.Release|x64.ActiveCfg = Release|x64
		{BFE2B7B4-477B-495F-95A8-BFCA5A1489E0}.Release|x64.Build.0 = Release|x64
		{BFE2B7B4-477B-495F-95A8-BFCA5A1489E0}.Release|x86.ActiveCfg = Release|Win32
		{BFE2B7B4-477B-495F-95A8-BFCA5A1489E0}.Release|x86.Build.0 = Release|Win32
		{7A00B9F6-C78D-4E75-9DBA-A0AE85B6A690}.Debug|x64.ActiveCfg = Debug|x64
		{7A00B9F6-C78D-4E75-9DBA-A0AE85B6A690}.Debug|x64.Build.0 = Debug|x64
		{7A00B9F6-C78D-4E75-9DBA-A0AE85B6A690}.Debug|x86.ActiveCfg = Debug|Win32
		{7A00B9F6-C78D-4E75-9DBA-A0AE85B6A690}.Debug|x86.Build.0 = Debug|Win32
		{7A00B9F6-C78D-4E75-9DBA-A0AE85B6A690}.Release|x64.ActiveCfg = Release|x64
		{7A00B9F6-C78D-4E75-9DBA-A0AE85B6A690}.Release|x64.Build.0 = Release|x64
		{7A00B9F6-C78D-4E75-9DBA-A0AE85B6A690}.Release|x86.ActiveCfg = Release|Win32
		{7A00B9F6-C78D-4E75-9DBA-A0AE85B6A690}.Release|x86.Build.0 = Release|Win32
		{CD8D28A4-836C-42D9-B17F-3FB6EAFD831E}.Debug|x64.ActiveCfg = Debug|x64
		{CD8D28A4-836C-42D9-B17F-3FB6EAFD831E}.Debug|x64.Build.0 = Debug|x64
		{CD8D28A4-836C-42D9-B17F-3FB6EAFD831E}.Debug|x86.ActiveCfg = Debug|Win32
		{CD8D28A4-836C-42D9-B17F-3FB6EAFD831E}.Debug|x86.Build.0 = Debug|Win32
		{CD8D28A4-836C-42D9-B17F-3FB6EAFD831E}.Release|x64.ActiveCfg = Release|x64
		{CD8D28A4-836C-42D9-B17F-3FB6EAFD831E}.Release|x64.Build.0 = Release|x64
		{CD8D28A4-836C-42D9-B17F-3FB6EAFD831E}.Release|x86.ActiveCfg = Release|Win32
		{CD8D28A4-836C-42D9-B17F-3FB6EAFD831E}.Release|x86.Build.0 = Release|Win32
		{36A4E3EC-EEC2-409A-B36D-DE7C68B18595}.Debug|x64.ActiveCfg = Debug|x64
		{36A4E3EC-EEC2-409A-B36D-DE7C68B18595}.Debug|x64.Build.0 = Debug|x64
		{36A4E3EC-EEC2-409A-B36D-DE7C68B18595}.Debug|x86.ActiveCfg = Debug|Win32
		{36A4E3EC-EEC2-409A-B36D-DE7C68B18595}.Debug|x86.Build.0 = Debug|Win32
		{36A4E3EC-EEC2-409A-B36D-DE7C68B18595}.Release|x64.ActiveCfg = Release|x64
		{36A4E3EC-EEC2-409A-B36D-DE7C68B18595}.Release|x64.Build.0 = Release|x64
		{36A4E3EC-EEC2-409A-B36D-DE7C68B18595}.Release|x86.ActiveCfg = Release|Win32
		{36A4E3EC-EEC2-409A-B36D-DE7C68B18595}.Release|x86.Build.0 = Release|Win32
		{728E974B-71E4-4059-B4E2-FF375BDE46B2}.Debug|x64.ActiveCfg = Debug|x64
		{728E974B-71E4-4059-B4E2-FF375BDE46B2}.Debug|x64.Build.0 = Debug|x64
		{728E974B-71E4-4059-B4E2-FF375BDE46B2}.Debug|x86.ActiveCfg = Debug|Win32
		{728E974B-71E4-4059-B4E2-FF375BDE46B2}.Debug|x86.Build.0 = Debug|Win32
		{728E974B-71E4-4059-B4E2-FF375BDE46B2}.Release|x64.ActiveCfg = Release|x64
		{728E974B-71E4-4059-B4E2-FF375BDE46B2}.Release|x64.Build.0 = Release|x64
		{728E974B-71E4-4059-B4E2-FF375BDE46B2}.Release|x86.ActiveCfg = Release|Win32
		{728E974B-71E4-4059-B4E2-FF375BDE46B2}.Release|x86.Build.0 = Release|Win32
	EndGlobalSection
	GlobalSection(SolutionProperties) = preSolution
		HideSolutionNode = FALSE
	EndGlobalSection
	GlobalSection(ExtensibilityGlobals) = postSolution
		SolutionGuid = {A06BFD73-D452-4B70-A639-62BFA6E9FF69}
	EndGlobalSection
EndGlobal
